
Microsoft Visual Studio Solution File, Format Version 12.00
# Visual Studio 15
VisualStudioVersion = 15.0.27130.2036
MinimumVisualStudioVersion = 10.0.40219.1
Project("{FAE04EC0-301F-11D3-BF4B-00C04F79EFBC}") = "3A", "3A\3A.csproj", "{EEA826CD-2587-4EEE-A957-173189AB0B6C}"
EndProject
Project("{FAE04EC0-301F-11D3-BF4B-00C04F79EFBC}") = "DTO", "DTO\DTO.csproj", "{F6A45C74-604A-4BEB-82B6-C5DBF88972C1}"
EndProject
Project("{FAE04EC0-301F-11D3-BF4B-00C04F79EFBC}") = "BUS", "BUS\BUS.csproj", "{26839516-6AAD-4ABB-B4CA-DB9FE0571E5D}"
EndProject
Project("{FAE04EC0-301F-11D3-BF4B-00C04F79EFBC}") = "DAO", "DAO\DAO.csproj", "{2AE98F19-E7E6-4404-80A1-D243BCCB5D54}"
EndProject
Global
	GlobalSection(SolutionConfigurationPlatforms) = preSolution
		Debug|Any CPU = Debug|Any CPU
		Release|Any CPU = Release|Any CPU
	EndGlobalSection
	GlobalSection(ProjectConfigurationPlatforms) = postSolution
		{EEA826CD-2587-4EEE-A957-173189AB0B6C}.Debug|Any CPU.ActiveCfg = Debug|Any CPU
		{EEA826CD-2587-4EEE-A957-173189AB0B6C}.Debug|Any CPU.Build.0 = Debug|Any CPU
		{EEA826CD-2587-4EEE-A957-173189AB0B6C}.Release|Any CPU.ActiveCfg = Release|Any CPU
		{EEA826CD-2587-4EEE-A957-173189AB0B6C}.Release|Any CPU.Build.0 = Release|Any CPU
		{F6A45C74-604A-4BEB-82B6-C5DBF88972C1}.Debug|Any CPU.ActiveCfg = Debug|Any CPU
		{F6A45C74-604A-4BEB-82B6-C5DBF88972C1}.Debug|Any CPU.Build.0 = Debug|Any CPU
		{F6A45C74-604A-4BEB-82B6-C5DBF88972C1}.Release|Any CPU.ActiveCfg = Release|Any CPU
		{F6A45C74-604A-4BEB-82B6-C5DBF88972C1}.Release|Any CPU.Build.0 = Release|Any CPU
		{26839516-6AAD-4ABB-B4CA-DB9FE0571E5D}.Debug|Any CPU.ActiveCfg = Debug|Any CPU
		{26839516-6AAD-4ABB-B4CA-DB9FE0571E5D}.Debug|Any CPU.Build.0 = Debug|Any CPU
		{26839516-6AAD-4ABB-B4CA-DB9FE0571E5D}.Release|Any CPU.ActiveCfg = Release|Any CPU
		{26839516-6AAD-4ABB-B4CA-DB9FE0571E5D}.Release|Any CPU.Build.0 = Release|Any CPU
		{2AE98F19-E7E6-4404-80A1-D243BCCB5D54}.Debug|Any CPU.ActiveCfg = Debug|Any CPU
		{2AE98F19-E7E6-4404-80A1-D243BCCB5D54}.Debug|Any CPU.Build.0 = Debug|Any CPU
		{2AE98F19-E7E6-4404-80A1-D243BCCB5D54}.Release|Any CPU.ActiveCfg = Release|Any CPU
		{2AE98F19-E7E6-4404-80A1-D243BCCB5D54}.Release|Any CPU.Build.0 = Release|Any CPU
	EndGlobalSection
	GlobalSection(SolutionProperties) = preSolution
		HideSolutionNode = FALSE
	EndGlobalSection
	GlobalSection(ExtensibilityGlobals) = postSolution
		SolutionGuid = {C43D18CF-15E8-4E93-A1D1-7D993B615C92}
	EndGlobalSection
EndGlobal
